
Microsoft Visual Studio Solution File, Format Version 12.00
# Visual Studio Version 16
VisualStudioVersion = 16.0.30717.126
MinimumVisualStudioVersion = 10.0.40219.1
Project("{2150E333-8FDC-42A3-9474-1A3956D46DE8}") = "Tests", "Tests", "{1F93B96F-0096-47AF-9083-4764DAF71BCA}"
EndProject
Project("{9A19103F-16F7-4668-BE54-9A1E7A4F7556}") = "PerformanceTestHelper.Tests", "PerformanceTestHelper.Tests\PerformanceTestHelper.Tests.csproj", "{5895271B-37F9-4DA4-B2D7-DC657C8F8C52}"
EndProject
Project("{2150E333-8FDC-42A3-9474-1A3956D46DE8}") = "Src", "Src", "{13776A71-235A-49AF-979A-252AFDCF8121}"
EndProject
Project("{9A19103F-16F7-4668-BE54-9A1E7A4F7556}") = "PerformanceTestHelper", "PerformanceTestHelper\PerformanceTestHelper.csproj", "{C2180A5B-47C0-49F4-8B2F-501A98441E14}"
EndProject
Project("{FAE04EC0-301F-11D3-BF4B-00C04F79EFBC}") = "PerformanceTestHelper.Domain", "PerformanceTestHelper.Domain\PerformanceTestHelper.Domain.csproj", "{82BD2FD2-5274-4443-99BF-51AB719BF681}"
EndProject
Global
	GlobalSection(SolutionConfigurationPlatforms) = preSolution
		Debug|Any CPU = Debug|Any CPU
		Release|Any CPU = Release|Any CPU
	EndGlobalSection
	GlobalSection(ProjectConfigurationPlatforms) = postSolution
		{5895271B-37F9-4DA4-B2D7-DC657C8F8C52}.Debug|Any CPU.ActiveCfg = Debug|Any CPU
		{5895271B-37F9-4DA4-B2D7-DC657C8F8C52}.Debug|Any CPU.Build.0 = Debug|Any CPU
		{5895271B-37F9-4DA4-B2D7-DC657C8F8C52}.Release|Any CPU.ActiveCfg = Release|Any CPU
		{5895271B-37F9-4DA4-B2D7-DC657C8F8C52}.Release|Any CPU.Build.0 = Release|Any CPU
		{C2180A5B-47C0-49F4-8B2F-501A98441E14}.Debug|Any CPU.ActiveCfg = Debug|Any CPU
		{C2180A5B-47C0-49F4-8B2F-501A98441E14}.Debug|Any CPU.Build.0 = Debug|Any CPU
		{C2180A5B-47C0-49F4-8B2F-501A98441E14}.Release|Any CPU.ActiveCfg = Release|Any CPU
		{C2180A5B-47C0-49F4-8B2F-501A98441E14}.Release|Any CPU.Build.0 = Release|Any CPU
		{82BD2FD2-5274-4443-99BF-51AB719BF681}.Debug|Any CPU.ActiveCfg = Debug|Any CPU
		{82BD2FD2-5274-4443-99BF-51AB719BF681}.Debug|Any CPU.Build.0 = Debug|Any CPU
		{82BD2FD2-5274-4443-99BF-51AB719BF681}.Release|Any CPU.ActiveCfg = Release|Any CPU
		{82BD2FD2-5274-4443-99BF-51AB719BF681}.Release|Any CPU.Build.0 = Release|Any CPU
	EndGlobalSection
	GlobalSection(SolutionProperties) = preSolution
		HideSolutionNode = FALSE
	EndGlobalSection
	GlobalSection(NestedProjects) = preSolution
		{5895271B-37F9-4DA4-B2D7-DC657C8F8C52} = {1F93B96F-0096-47AF-9083-4764DAF71BCA}
		{C2180A5B-47C0-49F4-8B2F-501A98441E14} = {13776A71-235A-49AF-979A-252AFDCF8121}
		{82BD2FD2-5274-4443-99BF-51AB719BF681} = {13776A71-235A-49AF-979A-252AFDCF8121}
	EndGlobalSection
	GlobalSection(ExtensibilityGlobals) = postSolution
		SolutionGuid = {F22EAB86-B1F8-4323-8966-036B4B744681}
	EndGlobalSection
EndGlobal
